
Microsoft Visual Studio Solution File, Format Version 12.00
# Visual Studio Version 17
VisualStudioVersion = 17.3.32804.467
MinimumVisualStudioVersion = 10.0.40219.1
Project("{FAE04EC0-301F-11D3-BF4B-00C04F79EFBC}") = "autoUpdate", "autoUpdate\autoUpdate.csproj", "{4BD60D49-AE1A-45AD-AB26-902152E67AD6}"
EndProject
Project("{54435603-DBB4-11D2-8724-00A0C9A8B90C}") = "autoUpdateInstaller", "autoUpdateInstaller\autoUpdateInstaller.vdproj", "{4664FDEC-9513-4E9F-8940-2BA139BE9B61}"
EndProject
Global
	GlobalSection(SolutionConfigurationPlatforms) = preSolution
		Debug|Any CPU = Debug|Any CPU
		Release|Any CPU = Release|Any CPU
	EndGlobalSection
	GlobalSection(ProjectConfigurationPlatforms) = postSolution
		{4BD60D49-AE1A-45AD-AB26-902152E67AD6}.Debug|Any CPU.ActiveCfg = Debug|Any CPU
		{4BD60D49-AE1A-45AD-AB26-902152E67AD6}.Debug|Any CPU.Build.0 = Debug|Any CPU
		{4BD60D49-AE1A-45AD-AB26-902152E67AD6}.Release|Any CPU.ActiveCfg = Release|Any CPU
		{4BD60D49-AE1A-45AD-AB26-902152E67AD6}.Release|Any CPU.Build.0 = Release|Any CPU
		{4664FDEC-9513-4E9F-8940-2BA139BE9B61}.Debug|Any CPU.ActiveCfg = Debug
		{4664FDEC-9513-4E9F-8940-2BA139BE9B61}.Release|Any CPU.ActiveCfg = Release
	EndGlobalSection
	GlobalSection(SolutionProperties) = preSolution
		HideSolutionNode = FALSE
	EndGlobalSection
	GlobalSection(ExtensibilityGlobals) = postSolution
		SolutionGuid = {20D453C7-734C-4419-AB29-E014E7A1E169}
	EndGlobalSection
EndGlobal
